// !$*UTF8*$!
{
	archiveVersion = 1;
	classes = {
	};
	objectVersion = 42;
	objects = {

/* Begin PBXBuildFile section */
		AD3E362C0C73610E00770FEB /* libembed_base_s.a in Frameworks */ = {isa = PBXBuildFile; fileRef = AD3E36250C73610E00770FEB /* libembed_base_s.a */; };
		AD3E362D0C73610E00770FEB /* libnspr4.dylib in Frameworks */ = {isa = PBXBuildFile; fileRef = AD3E36260C73610E00770FEB /* libnspr4.dylib */; };
		AD3E362E0C73610E00770FEB /* libplc4.dylib in Frameworks */ = {isa = PBXBuildFile; fileRef = AD3E36270C73610E00770FEB /* libplc4.dylib */; };
		AD3E362F0C73610E00770FEB /* libplds4.dylib in Frameworks */ = {isa = PBXBuildFile; fileRef = AD3E36280C73610E00770FEB /* libplds4.dylib */; };
		AD3E36310C73610E00770FEB /* libxpcomglue_s.a in Frameworks */ = {isa = PBXBuildFile; fileRef = AD3E362A0C73610E00770FEB /* libxpcomglue_s.a */; };
		AD3E36320C73610E00770FEB /* libxpcomglue.a in Frameworks */ = {isa = PBXBuildFile; fileRef = AD3E362B0C73610E00770FEB /* libxpcomglue.a */; };
		AD3E366E0C738B1600770FEB /* iOSLock.h in Headers */ = {isa = PBXBuildFile; fileRef = AD3E366D0C738B1600770FEB /* iOSLock.h */; };
		AD6EF71C0CA1E32600E88B7D /* ApplicationServices.framework in Frameworks */ = {isa = PBXBuildFile; fileRef = AD6EF71B0CA1E32600E88B7D /* ApplicationServices.framework */; };
		ADCF86240C72793000BBC0CC /* xpcom-osx-kiosk.h in Headers */ = {isa = PBXBuildFile; fileRef = ADCF86220C72793000BBC0CC /* xpcom-osx-kiosk.h */; };
		ADCF86250C72793000BBC0CC /* xpcom-osx-kiosk.cpp in Sources */ = {isa = PBXBuildFile; fileRef = ADCF86230C72793000BBC0CC /* xpcom-osx-kiosk.cpp */; };
		D2AAC0B105546B7500DB518D /* Carbon.framework in Frameworks */ = {isa = PBXBuildFile; fileRef = 08FB77AAFE841565C02AAC07 /* Carbon.framework */; };
/* End PBXBuildFile section */

/* Begin PBXFileReference section */
		08FB77AAFE841565C02AAC07 /* Carbon.framework */ = {isa = PBXFileReference; lastKnownFileType = wrapper.framework; name = Carbon.framework; path = /System/Library/Frameworks/Carbon.framework; sourceTree = "<absolute>"; };
		32BAE0B70371A74B00C91783 /* xpcom-osx-kiosk_Prefix.pch */ = {isa = PBXFileReference; fileEncoding = 4; lastKnownFileType = sourcecode.c.h; path = "xpcom-osx-kiosk_Prefix.pch"; sourceTree = "<group>"; };
		AD3E36250C73610E00770FEB /* libembed_base_s.a */ = {isa = PBXFileReference; lastKnownFileType = archive.ar; name = libembed_base_s.a; path = "../gecko-sdk/lib/libembed_base_s.a"; sourceTree = SOURCE_ROOT; };
		AD3E36260C73610E00770FEB /* libnspr4.dylib */ = {isa = PBXFileReference; lastKnownFileType = "compiled.mach-o.dylib"; name = libnspr4.dylib; path = "../gecko-sdk/lib/libnspr4.dylib"; sourceTree = SOURCE_ROOT; };
		AD3E36270C73610E00770FEB /* libplc4.dylib */ = {isa = PBXFileReference; lastKnownFileType = "compiled.mach-o.dylib"; name = libplc4.dylib; path = "../gecko-sdk/lib/libplc4.dylib"; sourceTree = SOURCE_ROOT; };
		AD3E36280C73610E00770FEB /* libplds4.dylib */ = {isa = PBXFileReference; lastKnownFileType = "compiled.mach-o.dylib"; name = libplds4.dylib; path = "../gecko-sdk/lib/libplds4.dylib"; sourceTree = SOURCE_ROOT; };
		AD3E362A0C73610E00770FEB /* libxpcomglue_s.a */ = {isa = PBXFileReference; lastKnownFileType = archive.ar; name = libxpcomglue_s.a; path = "../gecko-sdk/lib/libxpcomglue_s.a"; sourceTree = SOURCE_ROOT; };
		AD3E362B0C73610E00770FEB /* libxpcomglue.a */ = {isa = PBXFileReference; lastKnownFileType = archive.ar; name = libxpcomglue.a; path = "../gecko-sdk/lib/libxpcomglue.a"; sourceTree = SOURCE_ROOT; };
		AD3E36500C737BE900770FEB /* iOSLock.idl */ = {isa = PBXFileReference; fileEncoding = 4; lastKnownFileType = text; path = iOSLock.idl; sourceTree = "<group>"; };
		AD3E366D0C738B1600770FEB /* iOSLock.h */ = {isa = PBXFileReference; fileEncoding = 30; lastKnownFileType = sourcecode.c.h; path = iOSLock.h; sourceTree = "<group>"; };
		AD4035210C73F97000B2FF31 /* iOSLock.xpt */ = {isa = PBXFileReference; lastKnownFileType = file; path = iOSLock.xpt; sourceTree = "<group>"; };
		AD6EF71B0CA1E32600E88B7D /* ApplicationServices.framework */ = {isa = PBXFileReference; lastKnownFileType = wrapper.framework; name = ApplicationServices.framework; path = /System/Library/Frameworks/ApplicationServices.framework; sourceTree = "<absolute>"; };
		ADCF86220C72793000BBC0CC /* xpcom-osx-kiosk.h */ = {isa = PBXFileReference; fileEncoding = 4; lastKnownFileType = sourcecode.c.h; path = "xpcom-osx-kiosk.h"; sourceTree = "<group>"; };
		ADCF86230C72793000BBC0CC /* xpcom-osx-kiosk.cpp */ = {isa = PBXFileReference; fileEncoding = 4; lastKnownFileType = sourcecode.cpp.cpp; path = "xpcom-osx-kiosk.cpp"; sourceTree = "<group>"; };
		D2AAC09D05546B4700DB518D /* iOSLock.dylib */ = {isa = PBXFileReference; explicitFileType = "compiled.mach-o.dylib"; includeInIndex = 0; path = iOSLock.dylib; sourceTree = BUILT_PRODUCTS_DIR; };
/* End PBXFileReference section */

/* Begin PBXFrameworksBuildPhase section */
		D2AAC09B05546B4700DB518D /* Frameworks */ = {
			isa = PBXFrameworksBuildPhase;
			buildActionMask = 2147483647;
			files = (
				D2AAC0B105546B7500DB518D /* Carbon.framework in Frameworks */,
				AD3E362C0C73610E00770FEB /* libembed_base_s.a in Frameworks */,
				AD3E362D0C73610E00770FEB /* libnspr4.dylib in Frameworks */,
				AD3E362E0C73610E00770FEB /* libplc4.dylib in Frameworks */,
				AD3E362F0C73610E00770FEB /* libplds4.dylib in Frameworks */,
				AD3E36310C73610E00770FEB /* libxpcomglue_s.a in Frameworks */,
				AD3E36320C73610E00770FEB /* libxpcomglue.a in Frameworks */,
				AD6EF71C0CA1E32600E88B7D /* ApplicationServices.framework in Frameworks */,
			);
			runOnlyForDeploymentPostprocessing = 0;
		};
/* End PBXFrameworksBuildPhase section */

/* Begin PBXGroup section */
		034768DDFF38A45A11DB9C8B /* Products */ = {
			isa = PBXGroup;
			children = (
				D2AAC09D05546B4700DB518D /* iOSLock.dylib */,
			);
			name = Products;
			sourceTree = "<group>";
		};
		0867D691FE84028FC02AAC07 /* xpcom-osx-kiosk */ = {
			isa = PBXGroup;
			children = (
				08FB77ACFE841707C02AAC07 /* Source */,
				AD3E365E0C73888500770FEB /* XPIDL */,
				0867D69AFE84028FC02AAC07 /* External Frameworks and Libraries */,
				034768DDFF38A45A11DB9C8B /* Products */,
			);
			name = "xpcom-osx-kiosk";
			sourceTree = "<group>";
		};
		0867D69AFE84028FC02AAC07 /* External Frameworks and Libraries */ = {
			isa = PBXGroup;
			children = (
				AD6EF71B0CA1E32600E88B7D /* ApplicationServices.framework */,
				AD3E36250C73610E00770FEB /* libembed_base_s.a */,
				AD3E36260C73610E00770FEB /* libnspr4.dylib */,
				AD3E36270C73610E00770FEB /* libplc4.dylib */,
				AD3E36280C73610E00770FEB /* libplds4.dylib */,
				AD3E362A0C73610E00770FEB /* libxpcomglue_s.a */,
				AD3E362B0C73610E00770FEB /* libxpcomglue.a */,
				08FB77AAFE841565C02AAC07 /* Carbon.framework */,
			);
			name = "External Frameworks and Libraries";
			sourceTree = "<group>";
		};
		08FB77ACFE841707C02AAC07 /* Source */ = {
			isa = PBXGroup;
			children = (
				ADCF86220C72793000BBC0CC /* xpcom-osx-kiosk.h */,
				ADCF86230C72793000BBC0CC /* xpcom-osx-kiosk.cpp */,
				32BAE0B70371A74B00C91783 /* xpcom-osx-kiosk_Prefix.pch */,
			);
			name = Source;
			sourceTree = "<group>";
		};
		AD3E365E0C73888500770FEB /* XPIDL */ = {
			isa = PBXGroup;
			children = (
				AD4035210C73F97000B2FF31 /* iOSLock.xpt */,
				AD3E366D0C738B1600770FEB /* iOSLock.h */,
				AD3E36500C737BE900770FEB /* iOSLock.idl */,
			);
			name = XPIDL;
			sourceTree = "<group>";
		};
/* End PBXGroup section */

/* Begin PBXHeadersBuildPhase section */
		D2AAC09905546B4700DB518D /* Headers */ = {
			isa = PBXHeadersBuildPhase;
			buildActionMask = 2147483647;
			files = (
				ADCF86240C72793000BBC0CC /* xpcom-osx-kiosk.h in Headers */,
				AD3E366E0C738B1600770FEB /* iOSLock.h in Headers */,
			);
			runOnlyForDeploymentPostprocessing = 0;
		};
/* End PBXHeadersBuildPhase section */

/* Begin PBXNativeTarget section */
		D2AAC09C05546B4700DB518D /* iOSLock */ = {
			isa = PBXNativeTarget;
			buildConfigurationList = 1DEB916008733D950010E9CD /* Build configuration list for PBXNativeTarget "iOSLock" */;
			buildPhases = (
				D2AAC09905546B4700DB518D /* Headers */,
				D2AAC09B05546B4700DB518D /* Frameworks */,
				D2AAC09A05546B4700DB518D /* Sources */,
			);
			buildRules = (
			);
			dependencies = (
			);
			name = iOSLock;
			productName = "xpcom-osx-kiosk";
			productReference = D2AAC09D05546B4700DB518D /* iOSLock.dylib */;
			productType = "com.apple.product-type.library.dynamic";
		};
/* End PBXNativeTarget section */

/* Begin PBXProject section */
		0867D690FE84028FC02AAC07 /* Project object */ = {
			isa = PBXProject;
			buildConfigurationList = 1DEB916408733D950010E9CD /* Build configuration list for PBXProject "xpcom-osx-kiosk" */;
			hasScannedForEncodings = 1;
			mainGroup = 0867D691FE84028FC02AAC07 /* xpcom-osx-kiosk */;
			productRefGroup = 034768DDFF38A45A11DB9C8B /* Products */;
			projectDirPath = "";
			targets = (
				D2AAC09C05546B4700DB518D /* iOSLock */,
			);
		};
/* End PBXProject section */

/* Begin PBXSourcesBuildPhase section */
		D2AAC09A05546B4700DB518D /* Sources */ = {
			isa = PBXSourcesBuildPhase;
			buildActionMask = 2147483647;
			files = (
				ADCF86250C72793000BBC0CC /* xpcom-osx-kiosk.cpp in Sources */,
			);
			runOnlyForDeploymentPostprocessing = 0;
		};
/* End PBXSourcesBuildPhase section */

/* Begin XCBuildConfiguration section */
		1DEB916108733D950010E9CD /* Debug */ = {
			isa = XCBuildConfiguration;
			buildSettings = {
				COPY_PHASE_STRIP = NO;
				DYLIB_COMPATIBILITY_VERSION = 1;
				DYLIB_CURRENT_VERSION = 1;
				GCC_DYNAMIC_NO_PIC = NO;
				GCC_ENABLE_FIX_AND_CONTINUE = YES;
				GCC_MODEL_TUNING = G5;
				GCC_OPTIMIZATION_LEVEL = 0;
				GCC_PRECOMPILE_PREFIX_HEADER = YES;
				GCC_PREFIX_HEADER = "xpcom-osx-kiosk_Prefix.pch";
				INSTALL_PATH = /usr/local/lib;
				LIBRARY_SEARCH_PATHS = (
					"$(inherited)",
					"$(LIBRARY_SEARCH_PATHS_QUOTED_1)",
				);
				LIBRARY_SEARCH_PATHS_QUOTED_1 = "\"$(SRCROOT)/../gecko-sdk/lib\"";
				PRODUCT_NAME = iOSLock;
				ZERO_LINK = YES;
			};
			name = Debug;
		};
		1DEB916208733D950010E9CD /* Release */ = {
			isa = XCBuildConfiguration;
			buildSettings = {
				ARCHS = (
					ppc,
					i386,
				);
				DYLIB_COMPATIBILITY_VERSION = 1;
				DYLIB_CURRENT_VERSION = 1;
				GCC_GENERATE_DEBUGGING_SYMBOLS = NO;
				GCC_MODEL_TUNING = G5;
				GCC_PRECOMPILE_PREFIX_HEADER = YES;
				GCC_PREFIX_HEADER = "xpcom-osx-kiosk_Prefix.pch";
				INSTALL_PATH = /usr/local/lib;
				LIBRARY_SEARCH_PATHS = (
					"$(inherited)",
					"$(LIBRARY_SEARCH_PATHS_QUOTED_1)",
				);
				LIBRARY_SEARCH_PATHS_QUOTED_1 = "\"$(SRCROOT)/../gecko-sdk/lib\"";
				PRODUCT_NAME = iOSLock;
			};
			name = Release;
		};
		1DEB916508733D950010E9CD /* Debug */ = {
			isa = XCBuildConfiguration;
			buildSettings = {
				ARCHS = (
					ppc,
					i386,
				);
				GCC_ENABLE_CPP_EXCEPTIONS = NO;
				GCC_ENABLE_CPP_RTTI = NO;
				GCC_MODEL_TUNING = "";
				GCC_PREPROCESSOR_DEFINITIONS = (
					XPCOM_GLUE,
					MOZILLA_STRICT_API,
				);
				GCC_WARN_ABOUT_RETURN_TYPE = YES;
				GCC_WARN_UNUSED_VARIABLE = YES;
				HEADER_SEARCH_PATHS = "../gecko-sdk/include";
				LIBRARY_SEARCH_PATHS = "../gecko-sdk/bin";
				PREBINDING = NO;
				SDKROOT = /Developer/SDKs/MacOSX10.4u.sdk;
			};
			name = Debug;
		};
		1DEB916608733D950010E9CD /* Release */ = {
			isa = XCBuildConfiguration;
			buildSettings = {
				ARCHS = (
					ppc,
					i386,
				);
				GCC_ENABLE_CPP_EXCEPTIONS = NO;
				GCC_ENABLE_CPP_RTTI = NO;
				GCC_MODEL_TUNING = "";
				GCC_PREPROCESSOR_DEFINITIONS = (
					XPCOM_GLUE,
					MOZILLA_STRICT_API,
				);
				GCC_WARN_ABOUT_RETURN_TYPE = YES;
				GCC_WARN_UNUSED_VARIABLE = YES;
				HEADER_SEARCH_PATHS = "../gecko-sdk/include";
				LIBRARY_SEARCH_PATHS = "../gecko-sdk/bin";
				PREBINDING = NO;
				SDKROOT = /Developer/SDKs/MacOSX10.4u.sdk;
			};
			name = Release;
		};
/* End XCBuildConfiguration section */

/* Begin XCConfigurationList section */
		1DEB916008733D950010E9CD /* Build configuration list for PBXNativeTarget "iOSLock" */ = {
			isa = XCConfigurationList;
			buildConfigurations = (
				1DEB916108733D950010E9CD /* Debug */,
				1DEB916208733D950010E9CD /* Release */,
			);
			defaultConfigurationIsVisible = 0;
			defaultConfigurationName = Release;
		};
		1DEB916408733D950010E9CD /* Build configuration list for PBXProject "xpcom-osx-kiosk" */ = {
			isa = XCConfigurationList;
			buildConfigurations = (
				1DEB916508733D950010E9CD /* Debug */,
				1DEB916608733D950010E9CD /* Release */,
			);
			defaultConfigurationIsVisible = 0;
			defaultConfigurationName = Release;
		};
/* End XCConfigurationList section */
	};
	rootObject = 0867D690FE84028FC02AAC07 /* Project object */;
}
